// !$*UTF8*$!
{
	archiveVersion = 1;
	classes = {
	};
	objectVersion = 50;
	objects = {

/* Begin PBXBuildFile section */
		1E264CE92254EB49007EC865 /* Countries.swift in Sources */ = {isa = PBXBuildFile; fileRef = 1E264CE82254EB49007EC865 /* Countries.swift */; };
		1E264CEB2254F277007EC865 /* SpotDetails.swift in Sources */ = {isa = PBXBuildFile; fileRef = 1E264CEA2254F277007EC865 /* SpotDetails.swift */; };
		1E264CED225505BF007EC865 /* ConfigureViewController.swift in Sources */ = {isa = PBXBuildFile; fileRef = 1E264CEC225505BF007EC865 /* ConfigureViewController.swift */; };
		1E264CF02255F6CA007EC865 /* Main.storyboard in Resources */ = {isa = PBXBuildFile; fileRef = 1E264CEE2255F6CA007EC865 /* Main.storyboard */; };
		1E52A7422253D6A800BD9961 /* Location.swift in Sources */ = {isa = PBXBuildFile; fileRef = 1E52A7412253D6A700BD9961 /* Location.swift */; };
		1E52A74422540AAA00BD9961 /* DetailsViewController.swift in Sources */ = {isa = PBXBuildFile; fileRef = 1E52A74322540AAA00BD9961 /* DetailsViewController.swift */; };
		1ED2A76A224A84DE00400775 /* AppDelegate.swift in Sources */ = {isa = PBXBuildFile; fileRef = 1ED2A769224A84DE00400775 /* AppDelegate.swift */; };
		1ED2A772224A84DE00400775 /* KiteSurfing.xcdatamodeld in Sources */ = {isa = PBXBuildFile; fileRef = 1ED2A770224A84DE00400775 /* KiteSurfing.xcdatamodeld */; };
		1ED2A774224A84E000400775 /* Assets.xcassets in Resources */ = {isa = PBXBuildFile; fileRef = 1ED2A773224A84E000400775 /* Assets.xcassets */; };
		1ED2A777224A84E000400775 /* LaunchScreen.storyboard in Resources */ = {isa = PBXBuildFile; fileRef = 1ED2A775224A84E000400775 /* LaunchScreen.storyboard */; };
		1ED2A77F224A8A7200400775 /* TableViewController.swift in Sources */ = {isa = PBXBuildFile; fileRef = 1ED2A77E224A8A7200400775 /* TableViewController.swift */; };
/* End PBXBuildFile section */

/* Begin PBXFileReference section */
		1E264CE82254EB49007EC865 /* Countries.swift */ = {isa = PBXFileReference; lastKnownFileType = sourcecode.swift; path = Countries.swift; sourceTree = "<group>"; };
		1E264CEA2254F277007EC865 /* SpotDetails.swift */ = {isa = PBXFileReference; lastKnownFileType = sourcecode.swift; path = SpotDetails.swift; sourceTree = "<group>"; };
		1E264CEC225505BF007EC865 /* ConfigureViewController.swift */ = {isa = PBXFileReference; lastKnownFileType = sourcecode.swift; path = ConfigureViewController.swift; sourceTree = "<group>"; };
		1E264CEF2255F6CA007EC865 /* Base */ = {isa = PBXFileReference; lastKnownFileType = file.storyboard; name = Base; path = Base.lproj/Main.storyboard; sourceTree = "<group>"; };
		1E52A7412253D6A700BD9961 /* Location.swift */ = {isa = PBXFileReference; lastKnownFileType = sourcecode.swift; path = Location.swift; sourceTree = "<group>"; };
		1E52A74322540AAA00BD9961 /* DetailsViewController.swift */ = {isa = PBXFileReference; lastKnownFileType = sourcecode.swift; path = DetailsViewController.swift; sourceTree = "<group>"; };
		1ED2A766224A84DE00400775 /* KiteSurfing.app */ = {isa = PBXFileReference; explicitFileType = wrapper.application; includeInIndex = 0; path = KiteSurfing.app; sourceTree = BUILT_PRODUCTS_DIR; };
		1ED2A769224A84DE00400775 /* AppDelegate.swift */ = {isa = PBXFileReference; lastKnownFileType = sourcecode.swift; path = AppDelegate.swift; sourceTree = "<group>"; };
		1ED2A771224A84DE00400775 /* KiteSurfing.xcdatamodel */ = {isa = PBXFileReference; lastKnownFileType = wrapper.xcdatamodel; path = KiteSurfing.xcdatamodel; sourceTree = "<group>"; };
		1ED2A773224A84E000400775 /* Assets.xcassets */ = {isa = PBXFileReference; lastKnownFileType = folder.assetcatalog; path = Assets.xcassets; sourceTree = "<group>"; };
		1ED2A776224A84E000400775 /* Base */ = {isa = PBXFileReference; lastKnownFileType = file.storyboard; name = Base; path = Base.lproj/LaunchScreen.storyboard; sourceTree = "<group>"; };
		1ED2A778224A84E000400775 /* Info.plist */ = {isa = PBXFileReference; lastKnownFileType = text.plist.xml; path = Info.plist; sourceTree = "<group>"; };
		1ED2A77E224A8A7200400775 /* TableViewController.swift */ = {isa = PBXFileReference; lastKnownFileType = sourcecode.swift; path = TableViewController.swift; sourceTree = "<group>"; };
/* End PBXFileReference section */

/* Begin PBXFrameworksBuildPhase section */
		1ED2A763224A84DE00400775 /* Frameworks */ = {
			isa = PBXFrameworksBuildPhase;
			buildActionMask = 2147483647;
			files = (
			);
			runOnlyForDeploymentPostprocessing = 0;
		};
/* End PBXFrameworksBuildPhase section */

/* Begin PBXGroup section */
		1ED2A75D224A84DE00400775 = {
			isa = PBXGroup;
			children = (
				1ED2A768224A84DE00400775 /* KiteSurfing */,
				1ED2A767224A84DE00400775 /* Products */,
			);
			sourceTree = "<group>";
		};
		1ED2A767224A84DE00400775 /* Products */ = {
			isa = PBXGroup;
			children = (
				1ED2A766224A84DE00400775 /* KiteSurfing.app */,
			);
			name = Products;
			sourceTree = "<group>";
		};
		1ED2A768224A84DE00400775 /* KiteSurfing */ = {
			isa = PBXGroup;
			children = (
				1ED2A77E224A8A7200400775 /* TableViewController.swift */,
				1E264CEC225505BF007EC865 /* ConfigureViewController.swift */,
				1E264CE82254EB49007EC865 /* Countries.swift */,
				1E52A7412253D6A700BD9961 /* Location.swift */,
				1E264CEE2255F6CA007EC865 /* Main.storyboard */,
				1E264CEA2254F277007EC865 /* SpotDetails.swift */,
				1ED2A769224A84DE00400775 /* AppDelegate.swift */,
				1E52A74322540AAA00BD9961 /* DetailsViewController.swift */,
				1ED2A773224A84E000400775 /* Assets.xcassets */,
				1ED2A775224A84E000400775 /* LaunchScreen.storyboard */,
				1ED2A778224A84E000400775 /* Info.plist */,
				1ED2A770224A84DE00400775 /* KiteSurfing.xcdatamodeld */,
			);
			path = KiteSurfing;
			sourceTree = "<group>";
		};
/* End PBXGroup section */

/* Begin PBXNativeTarget section */
		1ED2A765224A84DE00400775 /* KiteSurfing */ = {
			isa = PBXNativeTarget;
			buildConfigurationList = 1ED2A77B224A84E000400775 /* Build configuration list for PBXNativeTarget "KiteSurfing" */;
			buildPhases = (
				1ED2A762224A84DE00400775 /* Sources */,
				1ED2A763224A84DE00400775 /* Frameworks */,
				1ED2A764224A84DE00400775 /* Resources */,
			);
			buildRules = (
			);
			dependencies = (
			);
			name = KiteSurfing;
			productName = KiteSurfing;
			productReference = 1ED2A766224A84DE00400775 /* KiteSurfing.app */;
			productType = "com.apple.product-type.application";
		};
/* End PBXNativeTarget section */

/* Begin PBXProject section */
		1ED2A75E224A84DE00400775 /* Project object */ = {
			isa = PBXProject;
			attributes = {
				LastSwiftUpdateCheck = 1020;
				LastUpgradeCheck = 1020;
				ORGANIZATIONNAME = "Tataru Robert";
				TargetAttributes = {
					1ED2A765224A84DE00400775 = {
						CreatedOnToolsVersion = 10.2;
					};
				};
			};
			buildConfigurationList = 1ED2A761224A84DE00400775 /* Build configuration list for PBXProject "KiteSurfing" */;
			compatibilityVersion = "Xcode 9.3";
			developmentRegion = en;
			hasScannedForEncodings = 0;
			knownRegions = (
				en,
				Base,
			);
			mainGroup = 1ED2A75D224A84DE00400775;
			productRefGroup = 1ED2A767224A84DE00400775 /* Products */;
			projectDirPath = "";
			projectRoot = "";
			targets = (
				1ED2A765224A84DE00400775 /* KiteSurfing */,
			);
		};
/* End PBXProject section */

/* Begin PBXResourcesBuildPhase section */
		1ED2A764224A84DE00400775 /* Resources */ = {
			isa = PBXResourcesBuildPhase;
			buildActionMask = 2147483647;
			files = (
				1E264CF02255F6CA007EC865 /* Main.storyboard in Resources */,
				1ED2A777224A84E000400775 /* LaunchScreen.storyboard in Resources */,
				1ED2A774224A84E000400775 /* Assets.xcassets in Resources */,
			);
			runOnlyForDeploymentPostprocessing = 0;
		};
/* End PBXResourcesBuildPhase section */

/* Begin PBXSourcesBuildPhase section */
		1ED2A762224A84DE00400775 /* Sources */ = {
			isa = PBXSourcesBuildPhase;
			buildActionMask = 2147483647;
			files = (
				1E264CEB2254F277007EC865 /* SpotDetails.swift in Sources */,
				1E264CED225505BF007EC865 /* ConfigureViewController.swift in Sources */,
				1ED2A772224A84DE00400775 /* KiteSurfing.xcdatamodeld in Sources */,
				1E264CE92254EB49007EC865 /* Countries.swift in Sources */,
				1ED2A77F224A8A7200400775 /* TableViewController.swift in Sources */,
				1E52A7422253D6A800BD9961 /* Location.swift in Sources */,
				1ED2A76A224A84DE00400775 /* AppDelegate.swift in Sources */,
				1E52A74422540AAA00BD9961 /* DetailsViewController.swift in Sources */,
			);
			runOnlyForDeploymentPostprocessing = 0;
		};
/* End PBXSourcesBuildPhase section */

/* Begin PBXVariantGroup section */
		1E264CEE2255F6CA007EC865 /* Main.storyboard */ = {
			isa = PBXVariantGroup;
			children = (
				1E264CEF2255F6CA007EC865 /* Base */,
			);
			name = Main.storyboard;
			sourceTree = "<group>";
		};
		1ED2A775224A84E000400775 /* LaunchScreen.storyboard */ = {
			isa = PBXVariantGroup;
			children = (
				1ED2A776224A84E000400775 /* Base */,
			);
			name = LaunchScreen.storyboard;
			sourceTree = "<group>";
		};
/* End PBXVariantGroup section */

/* Begin XCBuildConfiguration section */
		1ED2A779224A84E000400775 /* Debug */ = {
			isa = XCBuildConfiguration;
			buildSettings = {
				ALWAYS_SEARCH_USER_PATHS = NO;
				CLANG_ANALYZER_NONNULL = YES;
				CLANG_ANALYZER_NUMBER_OBJECT_CONVERSION = YES_AGGRESSIVE;
				CLANG_CXX_LANGUAGE_STANDARD = "gnu++14";
				CLANG_CXX_LIBRARY = "libc++";
				CLANG_ENABLE_MODULES = YES;
				CLANG_ENABLE_OBJC_ARC = YES;
				CLANG_ENABLE_OBJC_WEAK = YES;
				CLANG_WARN_BLOCK_CAPTURE_AUTORELEASING = YES;
				CLANG_WARN_BOOL_CONVERSION = YES;
				CLANG_WARN_COMMA = YES;
				CLANG_WARN_CONSTANT_CONVERSION = YES;
				CLANG_WARN_DEPRECATED_OBJC_IMPLEMENTATIONS = YES;
				CLANG_WARN_DIRECT_OBJC_ISA_USAGE = YES_ERROR;
				CLANG_WARN_DOCUMENTATION_COMMENTS = YES;
				CLANG_WARN_EMPTY_BODY = YES;
				CLANG_WARN_ENUM_CONVERSION = YES;
				CLANG_WARN_INFINITE_RECURSION = YES;
				CLANG_WARN_INT_CONVERSION = YES;
				CLANG_WARN_NON_LITERAL_NULL_CONVERSION = YES;
				CLANG_WARN_OBJC_IMPLICIT_RETAIN_SELF = YES;
				CLANG_WARN_OBJC_LITERAL_CONVERSION = YES;
				CLANG_WARN_OBJC_ROOT_CLASS = YES_ERROR;
				CLANG_WARN_RANGE_LOOP_ANALYSIS = YES;
				CLANG_WARN_STRICT_PROTOTYPES = YES;
				CLANG_WARN_SUSPICIOUS_MOVE = YES;
				CLANG_WARN_UNGUARDED_AVAILABILITY = YES_AGGRESSIVE;
				CLANG_WARN_UNREACHABLE_CODE = YES;
				CLANG_WARN__DUPLICATE_METHOD_MATCH = YES;
				CODE_SIGN_IDENTITY = "iPhone Developer";
				COPY_PHASE_STRIP = NO;
				DEBUG_INFORMATION_FORMAT = dwarf;
				ENABLE_STRICT_OBJC_MSGSEND = YES;
				ENABLE_TESTABILITY = YES;
				GCC_C_LANGUAGE_STANDARD = gnu11;
				GCC_DYNAMIC_NO_PIC = NO;
				GCC_NO_COMMON_BLOCKS = YES;
				GCC_OPTIMIZATION_LEVEL = 0;
				GCC_PREPROCESSOR_DEFINITIONS = (
					"DEBUG=1",
					"$(inherited)",
				);
				GCC_WARN_64_TO_32_BIT_CONVERSION = YES;
				GCC_WARN_ABOUT_RETURN_TYPE = YES_ERROR;
				GCC_WARN_UNDECLARED_SELECTOR = YES;
				GCC_WARN_UNINITIALIZED_AUTOS = YES_AGGRESSIVE;
				GCC_WARN_UNUSED_FUNCTION = YES;
				GCC_WARN_UNUSED_VARIABLE = YES;
				IPHONEOS_DEPLOYMENT_TARGET = 12.2;
				MTL_ENABLE_DEBUG_INFO = INCLUDE_SOURCE;
				MTL_FAST_MATH = YES;
				ONLY_ACTIVE_ARCH = YES;
				SDKROOT = iphoneos;
				SWIFT_ACTIVE_COMPILATION_CONDITIONS = DEBUG;
				SWIFT_OPTIMIZATION_LEVEL = "-Onone";
			};
			name = Debug;
		};
		1ED2A77A224A84E000400775 /* Release */ = {
			isa = XCBuildConfiguration;
			buildSettings = {
				ALWAYS_SEARCH_USER_PATHS = NO;
				CLANG_ANALYZER_NONNULL = YES;
				CLANG_ANALYZER_NUMBER_OBJECT_CONVERSION = YES_AGGRESSIVE;
				CLANG_CXX_LANGUAGE_STANDARD = "gnu++14";
				CLANG_CXX_LIBRARY = "libc++";
				CLANG_ENABLE_MODULES = YES;
				CLANG_ENABLE_OBJC_ARC = YES;
				CLANG_ENABLE_OBJC_WEAK = YES;
				CLANG_WARN_BLOCK_CAPTURE_AUTORELEASING = YES;
				CLANG_WARN_BOOL_CONVERSION = YES;
				CLANG_WARN_COMMA = YES;
				CLANG_WARN_CONSTANT_CONVERSION = YES;
				CLANG_WARN_DEPRECATED_OBJC_IMPLEMENTATIONS = YES;
				CLANG_WARN_DIRECT_OBJC_ISA_USAGE = YES_ERROR;
				CLANG_WARN_DOCUMENTATION_COMMENTS = YES;
				CLANG_WARN_EMPTY_BODY = YES;
				CLANG_WARN_ENUM_CONVERSION = YES;
				CLANG_WARN_INFINITE_RECURSION = YES;
				CLANG_WARN_INT_CONVERSION = YES;
				CLANG_WARN_NON_LITERAL_NULL_CONVERSION = YES;
				CLANG_WARN_OBJC_IMPLICIT_RETAIN_SELF = YES;
				CLANG_WARN_OBJC_LITERAL_CONVERSION = YES;
				CLANG_WARN_OBJC_ROOT_CLASS = YES_ERROR;
				CLANG_WARN_RANGE_LOOP_ANALYSIS = YES;
				CLANG_WARN_STRICT_PROTOTYPES = YES;
				CLANG_WARN_SUSPICIOUS_MOVE = YES;
				CLANG_WARN_UNGUARDED_AVAILABILITY = YES_AGGRESSIVE;
				CLANG_WARN_UNREACHABLE_CODE = YES;
				CLANG_WARN__DUPLICATE_METHOD_MATCH = YES;
				CODE_SIGN_IDENTITY = "iPhone Developer";
				COPY_PHASE_STRIP = NO;
				DEBUG_INFORMATION_FORMAT = "dwarf-with-dsym";
				ENABLE_NS_ASSERTIONS = NO;
				ENABLE_STRICT_OBJC_MSGSEND = YES;
				GCC_C_LANGUAGE_STANDARD = gnu11;
				GCC_NO_COMMON_BLOCKS = YES;
				GCC_WARN_64_TO_32_BIT_CONVERSION = YES;
				GCC_WARN_ABOUT_RETURN_TYPE = YES_ERROR;
				GCC_WARN_UNDECLARED_SELECTOR = YES;
				GCC_WARN_UNINITIALIZED_AUTOS = YES_AGGRESSIVE;
				GCC_WARN_UNUSED_FUNCTION = YES;
				GCC_WARN_UNUSED_VARIABLE = YES;
				IPHONEOS_DEPLOYMENT_TARGET = 12.2;
				MTL_ENABLE_DEBUG_INFO = NO;
				MTL_FAST_MATH = YES;
				SDKROOT = iphoneos;
				SWIFT_COMPILATION_MODE = wholemodule;
				SWIFT_OPTIMIZATION_LEVEL = "-O";
				VALIDATE_PRODUCT = YES;
			};
			name = Release;
		};
		1ED2A77C224A84E000400775 /* Debug */ = {
			isa = XCBuildConfiguration;
			buildSettings = {
				ASSETCATALOG_COMPILER_APPICON_NAME = AppIcon;
				CODE_SIGN_STYLE = Automatic;
				DEVELOPMENT_TEAM = C82AXV6497;
				INFOPLIST_FILE = KiteSurfing/Info.plist;
				LD_RUNPATH_SEARCH_PATHS = (
					"$(inherited)",
					"@executable_path/Frameworks",
				);
				PRODUCT_BUNDLE_IDENTIFIER = barosaneala.KiteSurfing;
				PRODUCT_NAME = "$(TARGET_NAME)";
				SWIFT_VERSION = 5.0;
				TARGETED_DEVICE_FAMILY = "1,2";
			};
			name = Debug;
		};
		1ED2A77D224A84E000400775 /* Release */ = {
			isa = XCBuildConfiguration;
			buildSettings = {
				ASSETCATALOG_COMPILER_APPICON_NAME = AppIcon;
				CODE_SIGN_STYLE = Automatic;
				DEVELOPMENT_TEAM = C82AXV6497;
				INFOPLIST_FILE = KiteSurfing/Info.plist;
				LD_RUNPATH_SEARCH_PATHS = (
					"$(inherited)",
					"@executable_path/Frameworks",
				);
				PRODUCT_BUNDLE_IDENTIFIER = barosaneala.KiteSurfing;
				PRODUCT_NAME = "$(TARGET_NAME)";
				SWIFT_VERSION = 5.0;
				TARGETED_DEVICE_FAMILY = "1,2";
			};
			name = Release;
		};
/* End XCBuildConfiguration section */

/* Begin XCConfigurationList section */
		1ED2A761224A84DE00400775 /* Build configuration list for PBXProject "KiteSurfing" */ = {
			isa = XCConfigurationList;
			buildConfigurations = (
				1ED2A779224A84E000400775 /* Debug */,
				1ED2A77A224A84E000400775 /* Release */,
			);
			defaultConfigurationIsVisible = 0;
			defaultConfigurationName = Release;
		};
		1ED2A77B224A84E000400775 /* Build configuration list for PBXNativeTarget "KiteSurfing" */ = {
			isa = XCConfigurationList;
			buildConfigurations = (
				1ED2A77C224A84E000400775 /* Debug */,
				1ED2A77D224A84E000400775 /* Release */,
			);
			defaultConfigurationIsVisible = 0;
			defaultConfigurationName = Release;
		};
/* End XCConfigurationList section */

/* Begin XCVersionGroup section */
		1ED2A770224A84DE00400775 /* KiteSurfing.xcdatamodeld */ = {
			isa = XCVersionGroup;
			children = (
				1ED2A771224A84DE00400775 /* KiteSurfing.xcdatamodel */,
			);
			currentVersion = 1ED2A771224A84DE00400775 /* KiteSurfing.xcdatamodel */;
			path = KiteSurfing.xcdatamodeld;
			sourceTree = "<group>";
			versionGroupType = wrapper.xcdatamodel;
		};
/* End XCVersionGroup section */
	};
	rootObject = 1ED2A75E224A84DE00400775 /* Project object */;
}
